// !$*UTF8*$!
{
	archiveVersion = 1;
	classes = {
	};
	objectVersion = 50;
	objects = {

/* Begin PBXBuildFile section */
		2CAA5DAF246CA167001E9974 /* AppDelegate.swift in Sources */ = {isa = PBXBuildFile; fileRef = 2CAA5DAE246CA167001E9974 /* AppDelegate.swift */; };
		2CAA5DB1246CA167001E9974 /* ViewController.swift in Sources */ = {isa = PBXBuildFile; fileRef = 2CAA5DB0246CA167001E9974 /* ViewController.swift */; };
		2CAA5DB4246CA167001E9974 /* Main.storyboard in Resources */ = {isa = PBXBuildFile; fileRef = 2CAA5DB2246CA167001E9974 /* Main.storyboard */; };
		2CAA5DB6246CA168001E9974 /* Assets.xcassets in Resources */ = {isa = PBXBuildFile; fileRef = 2CAA5DB5246CA168001E9974 /* Assets.xcassets */; };
		2CAA5DB9246CA168001E9974 /* LaunchScreen.storyboard in Resources */ = {isa = PBXBuildFile; fileRef = 2CAA5DB7246CA168001E9974 /* LaunchScreen.storyboard */; };
		2CAA5DC4246CA168001E9974 /* buttonChangeColorTests.swift in Sources */ = {isa = PBXBuildFile; fileRef = 2CAA5DC3246CA168001E9974 /* buttonChangeColorTests.swift */; };
		2CAA5DCF246CA168001E9974 /* buttonChangeColorUITests.swift in Sources */ = {isa = PBXBuildFile; fileRef = 2CAA5DCE246CA168001E9974 /* buttonChangeColorUITests.swift */; };
		2CAA5DDF246CA5DF001E9974 /* ViewControllerTwo.swift in Sources */ = {isa = PBXBuildFile; fileRef = 2CAA5DDE246CA5DF001E9974 /* ViewControllerTwo.swift */; };
		2CAA5DE0246CA5DF001E9974 /* ViewControllerTwo.swift in Sources */ = {isa = PBXBuildFile; fileRef = 2CAA5DDE246CA5DF001E9974 /* ViewControllerTwo.swift */; };
		2CAA5DE1246CA5DF001E9974 /* ViewControllerTwo.swift in Sources */ = {isa = PBXBuildFile; fileRef = 2CAA5DDE246CA5DF001E9974 /* ViewControllerTwo.swift */; };
/* End PBXBuildFile section */

/* Begin PBXContainerItemProxy section */
		2CAA5DC0246CA168001E9974 /* PBXContainerItemProxy */ = {
			isa = PBXContainerItemProxy;
			containerPortal = 2CAA5DA3246CA167001E9974 /* Project object */;
			proxyType = 1;
			remoteGlobalIDString = 2CAA5DAA246CA167001E9974;
			remoteInfo = buttonChangeColor;
		};
		2CAA5DCB246CA168001E9974 /* PBXContainerItemProxy */ = {
			isa = PBXContainerItemProxy;
			containerPortal = 2CAA5DA3246CA167001E9974 /* Project object */;
			proxyType = 1;
			remoteGlobalIDString = 2CAA5DAA246CA167001E9974;
			remoteInfo = buttonChangeColor;
		};
/* End PBXContainerItemProxy section */

/* Begin PBXFileReference section */
		2CAA5DAB246CA167001E9974 /* buttonChangeColor.app */ = {isa = PBXFileReference; explicitFileType = wrapper.application; includeInIndex = 0; path = buttonChangeColor.app; sourceTree = BUILT_PRODUCTS_DIR; };
		2CAA5DAE246CA167001E9974 /* AppDelegate.swift */ = {isa = PBXFileReference; lastKnownFileType = sourcecode.swift; path = AppDelegate.swift; sourceTree = "<group>"; };
		2CAA5DB0246CA167001E9974 /* ViewController.swift */ = {isa = PBXFileReference; lastKnownFileType = sourcecode.swift; path = ViewController.swift; sourceTree = "<group>"; };
		2CAA5DB3246CA167001E9974 /* Base */ = {isa = PBXFileReference; lastKnownFileType = file.storyboard; name = Base; path = Base.lproj/Main.storyboard; sourceTree = "<group>"; };
		2CAA5DB5246CA168001E9974 /* Assets.xcassets */ = {isa = PBXFileReference; lastKnownFileType = folder.assetcatalog; path = Assets.xcassets; sourceTree = "<group>"; };
		2CAA5DB8246CA168001E9974 /* Base */ = {isa = PBXFileReference; lastKnownFileType = file.storyboard; name = Base; path = Base.lproj/LaunchScreen.storyboard; sourceTree = "<group>"; };
		2CAA5DBA246CA168001E9974 /* Info.plist */ = {isa = PBXFileReference; lastKnownFileType = text.plist.xml; path = Info.plist; sourceTree = "<group>"; };
		2CAA5DBF246CA168001E9974 /* buttonChangeColorTests.xctest */ = {isa = PBXFileReference; explicitFileType = wrapper.cfbundle; includeInIndex = 0; path = buttonChangeColorTests.xctest; sourceTree = BUILT_PRODUCTS_DIR; };
		2CAA5DC3246CA168001E9974 /* buttonChangeColorTests.swift */ = {isa = PBXFileReference; lastKnownFileType = sourcecode.swift; path = buttonChangeColorTests.swift; sourceTree = "<group>"; };
		2CAA5DC5246CA168001E9974 /* Info.plist */ = {isa = PBXFileReference; lastKnownFileType = text.plist.xml; path = Info.plist; sourceTree = "<group>"; };
		2CAA5DCA246CA168001E9974 /* buttonChangeColorUITests.xctest */ = {isa = PBXFileReference; explicitFileType = wrapper.cfbundle; includeInIndex = 0; path = buttonChangeColorUITests.xctest; sourceTree = BUILT_PRODUCTS_DIR; };
		2CAA5DCE246CA168001E9974 /* buttonChangeColorUITests.swift */ = {isa = PBXFileReference; lastKnownFileType = sourcecode.swift; path = buttonChangeColorUITests.swift; sourceTree = "<group>"; };
		2CAA5DD0246CA168001E9974 /* Info.plist */ = {isa = PBXFileReference; lastKnownFileType = text.plist.xml; path = Info.plist; sourceTree = "<group>"; };
		2CAA5DDE246CA5DF001E9974 /* ViewControllerTwo.swift */ = {isa = PBXFileReference; lastKnownFileType = sourcecode.swift; path = ViewControllerTwo.swift; sourceTree = "<group>"; };
/* End PBXFileReference section */

/* Begin PBXFrameworksBuildPhase section */
		2CAA5DA8246CA167001E9974 /* Frameworks */ = {
			isa = PBXFrameworksBuildPhase;
			buildActionMask = 2147483647;
			files = (
			);
			runOnlyForDeploymentPostprocessing = 0;
		};
		2CAA5DBC246CA168001E9974 /* Frameworks */ = {
			isa = PBXFrameworksBuildPhase;
			buildActionMask = 2147483647;
			files = (
			);
			runOnlyForDeploymentPostprocessing = 0;
		};
		2CAA5DC7246CA168001E9974 /* Frameworks */ = {
			isa = PBXFrameworksBuildPhase;
			buildActionMask = 2147483647;
			files = (
			);
			runOnlyForDeploymentPostprocessing = 0;
		};
/* End PBXFrameworksBuildPhase section */

/* Begin PBXGroup section */
		2CAA5DA2246CA167001E9974 = {
			isa = PBXGroup;
			children = (
				2CAA5DAD246CA167001E9974 /* buttonChangeColor */,
				2CAA5DC2246CA168001E9974 /* buttonChangeColorTests */,
				2CAA5DCD246CA168001E9974 /* buttonChangeColorUITests */,
				2CAA5DAC246CA167001E9974 /* Products */,
			);
			sourceTree = "<group>";
		};
		2CAA5DAC246CA167001E9974 /* Products */ = {
			isa = PBXGroup;
			children = (
				2CAA5DAB246CA167001E9974 /* buttonChangeColor.app */,
				2CAA5DBF246CA168001E9974 /* buttonChangeColorTests.xctest */,
				2CAA5DCA246CA168001E9974 /* buttonChangeColorUITests.xctest */,
			);
			name = Products;
			sourceTree = "<group>";
		};
		2CAA5DAD246CA167001E9974 /* buttonChangeColor */ = {
			isa = PBXGroup;
			children = (
				2CAA5DAE246CA167001E9974 /* AppDelegate.swift */,
				2CAA5DB0246CA167001E9974 /* ViewController.swift */,
				2CAA5DB2246CA167001E9974 /* Main.storyboard */,
				2CAA5DDE246CA5DF001E9974 /* ViewControllerTwo.swift */,
				2CAA5DB5246CA168001E9974 /* Assets.xcassets */,
				2CAA5DB7246CA168001E9974 /* LaunchScreen.storyboard */,
				2CAA5DBA246CA168001E9974 /* Info.plist */,
			);
			path = buttonChangeColor;
			sourceTree = "<group>";
		};
		2CAA5DC2246CA168001E9974 /* buttonChangeColorTests */ = {
			isa = PBXGroup;
			children = (
				2CAA5DC3246CA168001E9974 /* buttonChangeColorTests.swift */,
				2CAA5DC5246CA168001E9974 /* Info.plist */,
			);
			path = buttonChangeColorTests;
			sourceTree = "<group>";
		};
		2CAA5DCD246CA168001E9974 /* buttonChangeColorUITests */ = {
			isa = PBXGroup;
			children = (
				2CAA5DCE246CA168001E9974 /* buttonChangeColorUITests.swift */,
				2CAA5DD0246CA168001E9974 /* Info.plist */,
			);
			path = buttonChangeColorUITests;
			sourceTree = "<group>";
		};
/* End PBXGroup section */

/* Begin PBXNativeTarget section */
		2CAA5DAA246CA167001E9974 /* buttonChangeColor */ = {
			isa = PBXNativeTarget;
			buildConfigurationList = 2CAA5DD3246CA168001E9974 /* Build configuration list for PBXNativeTarget "buttonChangeColor" */;
			buildPhases = (
				2CAA5DA7246CA167001E9974 /* Sources */,
				2CAA5DA8246CA167001E9974 /* Frameworks */,
				2CAA5DA9246CA167001E9974 /* Resources */,
			);
			buildRules = (
			);
			dependencies = (
			);
			name = buttonChangeColor;
			productName = buttonChangeColor;
			productReference = 2CAA5DAB246CA167001E9974 /* buttonChangeColor.app */;
			productType = "com.apple.product-type.application";
		};
		2CAA5DBE246CA168001E9974 /* buttonChangeColorTests */ = {
			isa = PBXNativeTarget;
			buildConfigurationList = 2CAA5DD6246CA168001E9974 /* Build configuration list for PBXNativeTarget "buttonChangeColorTests" */;
			buildPhases = (
				2CAA5DBB246CA168001E9974 /* Sources */,
				2CAA5DBC246CA168001E9974 /* Frameworks */,
				2CAA5DBD246CA168001E9974 /* Resources */,
			);
			buildRules = (
			);
			dependencies = (
				2CAA5DC1246CA168001E9974 /* PBXTargetDependency */,
			);
			name = buttonChangeColorTests;
			productName = buttonChangeColorTests;
			productReference = 2CAA5DBF246CA168001E9974 /* buttonChangeColorTests.xctest */;
			productType = "com.apple.product-type.bundle.unit-test";
		};
		2CAA5DC9246CA168001E9974 /* buttonChangeColorUITests */ = {
			isa = PBXNativeTarget;
			buildConfigurationList = 2CAA5DD9246CA168001E9974 /* Build configuration list for PBXNativeTarget "buttonChangeColorUITests" */;
			buildPhases = (
				2CAA5DC6246CA168001E9974 /* Sources */,
				2CAA5DC7246CA168001E9974 /* Frameworks */,
				2CAA5DC8246CA168001E9974 /* Resources */,
			);
			buildRules = (
			);
			dependencies = (
				2CAA5DCC246CA168001E9974 /* PBXTargetDependency */,
			);
			name = buttonChangeColorUITests;
			productName = buttonChangeColorUITests;
			productReference = 2CAA5DCA246CA168001E9974 /* buttonChangeColorUITests.xctest */;
			productType = "com.apple.product-type.bundle.ui-testing";
		};
/* End PBXNativeTarget section */

/* Begin PBXProject section */
		2CAA5DA3246CA167001E9974 /* Project object */ = {
			isa = PBXProject;
			attributes = {
				LastSwiftUpdateCheck = 1030;
				LastUpgradeCheck = 1030;
				ORGANIZATIONNAME = "Linchevskii Dmitriy";
				TargetAttributes = {
					2CAA5DAA246CA167001E9974 = {
						CreatedOnToolsVersion = 10.3;
					};
					2CAA5DBE246CA168001E9974 = {
						CreatedOnToolsVersion = 10.3;
						TestTargetID = 2CAA5DAA246CA167001E9974;
					};
					2CAA5DC9246CA168001E9974 = {
						CreatedOnToolsVersion = 10.3;
						TestTargetID = 2CAA5DAA246CA167001E9974;
					};
				};
			};
			buildConfigurationList = 2CAA5DA6246CA167001E9974 /* Build configuration list for PBXProject "buttonChangeColor" */;
			compatibilityVersion = "Xcode 9.3";
			developmentRegion = en;
			hasScannedForEncodings = 0;
			knownRegions = (
				en,
				Base,
			);
			mainGroup = 2CAA5DA2246CA167001E9974;
			productRefGroup = 2CAA5DAC246CA167001E9974 /* Products */;
			projectDirPath = "";
			projectRoot = "";
			targets = (
				2CAA5DAA246CA167001E9974 /* buttonChangeColor */,
				2CAA5DBE246CA168001E9974 /* buttonChangeColorTests */,
				2CAA5DC9246CA168001E9974 /* buttonChangeColorUITests */,
			);
		};
/* End PBXProject section */

/* Begin PBXResourcesBuildPhase section */
		2CAA5DA9246CA167001E9974 /* Resources */ = {
			isa = PBXResourcesBuildPhase;
			buildActionMask = 2147483647;
			files = (
				2CAA5DB9246CA168001E9974 /* LaunchScreen.storyboard in Resources */,
				2CAA5DB6246CA168001E9974 /* Assets.xcassets in Resources */,
				2CAA5DB4246CA167001E9974 /* Main.storyboard in Resources */,
			);
			runOnlyForDeploymentPostprocessing = 0;
		};
		2CAA5DBD246CA168001E9974 /* Resources */ = {
			isa = PBXResourcesBuildPhase;
			buildActionMask = 2147483647;
			files = (
			);
			runOnlyForDeploymentPostprocessing = 0;
		};
		2CAA5DC8246CA168001E9974 /* Resources */ = {
			isa = PBXResourcesBuildPhase;
			buildActionMask = 2147483647;
			files = (
			);
			runOnlyForDeploymentPostprocessing = 0;
		};
/* End PBXResourcesBuildPhase section */

/* Begin PBXSourcesBuildPhase section */
		2CAA5DA7246CA167001E9974 /* Sources */ = {
			isa = PBXSourcesBuildPhase;
			buildActionMask = 2147483647;
			files = (
				2CAA5DB1246CA167001E9974 /* ViewController.swift in Sources */,
				2CAA5DAF246CA167001E9974 /* AppDelegate.swift in Sources */,
				2CAA5DDF246CA5DF001E9974 /* ViewControllerTwo.swift in Sources */,
			);
			runOnlyForDeploymentPostprocessing = 0;
		};
		2CAA5DBB246CA168001E9974 /* Sources */ = {
			isa = PBXSourcesBuildPhase;
			buildActionMask = 2147483647;
			files = (
				2CAA5DC4246CA168001E9974 /* buttonChangeColorTests.swift in Sources */,
				2CAA5DE0246CA5DF001E9974 /* ViewControllerTwo.swift in Sources */,
			);
			runOnlyForDeploymentPostprocessing = 0;
		};
		2CAA5DC6246CA168001E9974 /* Sources */ = {
			isa = PBXSourcesBuildPhase;
			buildActionMask = 2147483647;
			files = (
				2CAA5DCF246CA168001E9974 /* buttonChangeColorUITests.swift in Sources */,
				2CAA5DE1246CA5DF001E9974 /* ViewControllerTwo.swift in Sources */,
			);
			runOnlyForDeploymentPostprocessing = 0;
		};
/* End PBXSourcesBuildPhase section */

/* Begin PBXTargetDependency section */
		2CAA5DC1246CA168001E9974 /* PBXTargetDependency */ = {
			isa = PBXTargetDependency;
			target = 2CAA5DAA246CA167001E9974 /* buttonChangeColor */;
			targetProxy = 2CAA5DC0246CA168001E9974 /* PBXContainerItemProxy */;
		};
		2CAA5DCC246CA168001E9974 /* PBXTargetDependency */ = {
			isa = PBXTargetDependency;
			target = 2CAA5DAA246CA167001E9974 /* buttonChangeColor */;
			targetProxy = 2CAA5DCB246CA168001E9974 /* PBXContainerItemProxy */;
		};
/* End PBXTargetDependency section */

/* Begin PBXVariantGroup section */
		2CAA5DB2246CA167001E9974 /* Main.storyboard */ = {
			isa = PBXVariantGroup;
			children = (
				2CAA5DB3246CA167001E9974 /* Base */,
			);
			name = Main.storyboard;
			sourceTree = "<group>";
		};
		2CAA5DB7246CA168001E9974 /* LaunchScreen.storyboard */ = {
			isa = PBXVariantGroup;
			children = (
				2CAA5DB8246CA168001E9974 /* Base */,
			);
			name = LaunchScreen.storyboard;
			sourceTree = "<group>";
		};
/* End PBXVariantGroup section */

/* Begin XCBuildConfiguration section */
		2CAA5DD1246CA168001E9974 /* Debug */ = {
			isa = XCBuildConfiguration;
			buildSettings = {
				ALWAYS_SEARCH_USER_PATHS = NO;
				CLANG_ANALYZER_NONNULL = YES;
				CLANG_ANALYZER_NUMBER_OBJECT_CONVERSION = YES_AGGRESSIVE;
				CLANG_CXX_LANGUAGE_STANDARD = "gnu++14";
				CLANG_CXX_LIBRARY = "libc++";
				CLANG_ENABLE_MODULES = YES;
				CLANG_ENABLE_OBJC_ARC = YES;
				CLANG_ENABLE_OBJC_WEAK = YES;
				CLANG_WARN_BLOCK_CAPTURE_AUTORELEASING = YES;
				CLANG_WARN_BOOL_CONVERSION = YES;
				CLANG_WARN_COMMA = YES;
				CLANG_WARN_CONSTANT_CONVERSION = YES;
				CLANG_WARN_DEPRECATED_OBJC_IMPLEMENTATIONS = YES;
				CLANG_WARN_DIRECT_OBJC_ISA_USAGE = YES_ERROR;
				CLANG_WARN_DOCUMENTATION_COMMENTS = YES;
				CLANG_WARN_EMPTY_BODY = YES;
				CLANG_WARN_ENUM_CONVERSION = YES;
				CLANG_WARN_INFINITE_RECURSION = YES;
				CLANG_WARN_INT_CONVERSION = YES;
				CLANG_WARN_NON_LITERAL_NULL_CONVERSION = YES;
				CLANG_WARN_OBJC_IMPLICIT_RETAIN_SELF = YES;
				CLANG_WARN_OBJC_LITERAL_CONVERSION = YES;
				CLANG_WARN_OBJC_ROOT_CLASS = YES_ERROR;
				CLANG_WARN_RANGE_LOOP_ANALYSIS = YES;
				CLANG_WARN_STRICT_PROTOTYPES = YES;
				CLANG_WARN_SUSPICIOUS_MOVE = YES;
				CLANG_WARN_UNGUARDED_AVAILABILITY = YES_AGGRESSIVE;
				CLANG_WARN_UNREACHABLE_CODE = YES;
				CLANG_WARN__DUPLICATE_METHOD_MATCH = YES;
				CODE_SIGN_IDENTITY = "iPhone Developer";
				COPY_PHASE_STRIP = NO;
				DEBUG_INFORMATION_FORMAT = dwarf;
				ENABLE_STRICT_OBJC_MSGSEND = YES;
				ENABLE_TESTABILITY = YES;
				GCC_C_LANGUAGE_STANDARD = gnu11;
				GCC_DYNAMIC_NO_PIC = NO;
				GCC_NO_COMMON_BLOCKS = YES;
				GCC_OPTIMIZATION_LEVEL = 0;
				GCC_PREPROCESSOR_DEFINITIONS = (
					"DEBUG=1",
					"$(inherited)",
				);
				GCC_WARN_64_TO_32_BIT_CONVERSION = YES;
				GCC_WARN_ABOUT_RETURN_TYPE = YES_ERROR;
				GCC_WARN_UNDECLARED_SELECTOR = YES;
				GCC_WARN_UNINITIALIZED_AUTOS = YES_AGGRESSIVE;
				GCC_WARN_UNUSED_FUNCTION = YES;
				GCC_WARN_UNUSED_VARIABLE = YES;
				IPHONEOS_DEPLOYMENT_TARGET = 12.4;
				MTL_ENABLE_DEBUG_INFO = INCLUDE_SOURCE;
				MTL_FAST_MATH = YES;
				ONLY_ACTIVE_ARCH = YES;
				SDKROOT = iphoneos;
				SWIFT_ACTIVE_COMPILATION_CONDITIONS = DEBUG;
				SWIFT_OPTIMIZATION_LEVEL = "-Onone";
			};
			name = Debug;
		};
		2CAA5DD2246CA168001E9974 /* Release */ = {
			isa = XCBuildConfiguration;
			buildSettings = {
				ALWAYS_SEARCH_USER_PATHS = NO;
				CLANG_ANALYZER_NONNULL = YES;
				CLANG_ANALYZER_NUMBER_OBJECT_CONVERSION = YES_AGGRESSIVE;
				CLANG_CXX_LANGUAGE_STANDARD = "gnu++14";
				CLANG_CXX_LIBRARY = "libc++";
				CLANG_ENABLE_MODULES = YES;
				CLANG_ENABLE_OBJC_ARC = YES;
				CLANG_ENABLE_OBJC_WEAK = YES;
				CLANG_WARN_BLOCK_CAPTURE_AUTORELEASING = YES;
				CLANG_WARN_BOOL_CONVERSION = YES;
				CLANG_WARN_COMMA = YES;
				CLANG_WARN_CONSTANT_CONVERSION = YES;
				CLANG_WARN_DEPRECATED_OBJC_IMPLEMENTATIONS = YES;
				CLANG_WARN_DIRECT_OBJC_ISA_USAGE = YES_ERROR;
				CLANG_WARN_DOCUMENTATION_COMMENTS = YES;
				CLANG_WARN_EMPTY_BODY = YES;
				CLANG_WARN_ENUM_CONVERSION = YES;
				CLANG_WARN_INFINITE_RECURSION = YES;
				CLANG_WARN_INT_CONVERSION = YES;
				CLANG_WARN_NON_LITERAL_NULL_CONVERSION = YES;
				CLANG_WARN_OBJC_IMPLICIT_RETAIN_SELF = YES;
				CLANG_WARN_OBJC_LITERAL_CONVERSION = YES;
				CLANG_WARN_OBJC_ROOT_CLASS = YES_ERROR;
				CLANG_WARN_RANGE_LOOP_ANALYSIS = YES;
				CLANG_WARN_STRICT_PROTOTYPES = YES;
				CLANG_WARN_SUSPICIOUS_MOVE = YES;
				CLANG_WARN_UNGUARDED_AVAILABILITY = YES_AGGRESSIVE;
				CLANG_WARN_UNREACHABLE_CODE = YES;
				CLANG_WARN__DUPLICATE_METHOD_MATCH = YES;
				CODE_SIGN_IDENTITY = "iPhone Developer";
				COPY_PHASE_STRIP = NO;
				DEBUG_INFORMATION_FORMAT = "dwarf-with-dsym";
				ENABLE_NS_ASSERTIONS = NO;
				ENABLE_STRICT_OBJC_MSGSEND = YES;
				GCC_C_LANGUAGE_STANDARD = gnu11;
				GCC_NO_COMMON_BLOCKS = YES;
				GCC_WARN_64_TO_32_BIT_CONVERSION = YES;
				GCC_WARN_ABOUT_RETURN_TYPE = YES_ERROR;
				GCC_WARN_UNDECLARED_SELECTOR = YES;
				GCC_WARN_UNINITIALIZED_AUTOS = YES_AGGRESSIVE;
				GCC_WARN_UNUSED_FUNCTION = YES;
				GCC_WARN_UNUSED_VARIABLE = YES;
				IPHONEOS_DEPLOYMENT_TARGET = 12.4;
				MTL_ENABLE_DEBUG_INFO = NO;
				MTL_FAST_MATH = YES;
				SDKROOT = iphoneos;
				SWIFT_COMPILATION_MODE = wholemodule;
				SWIFT_OPTIMIZATION_LEVEL = "-O";
				VALIDATE_PRODUCT = YES;
			};
			name = Release;
		};
		2CAA5DD4246CA168001E9974 /* Debug */ = {
			isa = XCBuildConfiguration;
			buildSettings = {
				ASSETCATALOG_COMPILER_APPICON_NAME = AppIcon;
				CODE_SIGN_STYLE = Automatic;
				INFOPLIST_FILE = buttonChangeColor/Info.plist;
				LD_RUNPATH_SEARCH_PATHS = (
					"$(inherited)",
					"@executable_path/Frameworks",
				);
				PRODUCT_BUNDLE_IDENTIFIER = QQ.buttonChangeColor;
				PRODUCT_NAME = "$(TARGET_NAME)";
				SWIFT_VERSION = 5.0;
				TARGETED_DEVICE_FAMILY = "1,2";
			};
			name = Debug;
		};
		2CAA5DD5246CA168001E9974 /* Release */ = {
			isa = XCBuildConfiguration;
			buildSettings = {
				ASSETCATALOG_COMPILER_APPICON_NAME = AppIcon;
				CODE_SIGN_STYLE = Automatic;
				INFOPLIST_FILE = buttonChangeColor/Info.plist;
				LD_RUNPATH_SEARCH_PATHS = (
					"$(inherited)",
					"@executable_path/Frameworks",
				);
				PRODUCT_BUNDLE_IDENTIFIER = QQ.buttonChangeColor;
				PRODUCT_NAME = "$(TARGET_NAME)";
				SWIFT_VERSION = 5.0;
				TARGETED_DEVICE_FAMILY = "1,2";
			};
			name = Release;
		};
		2CAA5DD7246CA168001E9974 /* Debug */ = {
			isa = XCBuildConfiguration;
			buildSettings = {
				ALWAYS_EMBED_SWIFT_STANDARD_LIBRARIES = YES;
				BUNDLE_LOADER = "$(TEST_HOST)";
				CODE_SIGN_STYLE = Automatic;
				INFOPLIST_FILE = buttonChangeColorTests/Info.plist;
				LD_RUNPATH_SEARCH_PATHS = (
					"$(inherited)",
					"@executable_path/Frameworks",
					"@loader_path/Frameworks",
				);
				PRODUCT_BUNDLE_IDENTIFIER = QQ.buttonChangeColorTests;
				PRODUCT_NAME = "$(TARGET_NAME)";
				SWIFT_VERSION = 5.0;
				TARGETED_DEVICE_FAMILY = "1,2";
				TEST_HOST = "$(BUILT_PRODUCTS_DIR)/buttonChangeColor.app/buttonChangeColor";
			};
			name = Debug;
		};
		2CAA5DD8246CA168001E9974 /* Release */ = {
			isa = XCBuildConfiguration;
			buildSettings = {
				ALWAYS_EMBED_SWIFT_STANDARD_LIBRARIES = YES;
				BUNDLE_LOADER = "$(TEST_HOST)";
				CODE_SIGN_STYLE = Automatic;
				INFOPLIST_FILE = buttonChangeColorTests/Info.plist;
				LD_RUNPATH_SEARCH_PATHS = (
					"$(inherited)",
					"@executable_path/Frameworks",
					"@loader_path/Frameworks",
				);
				PRODUCT_BUNDLE_IDENTIFIER = QQ.buttonChangeColorTests;
				PRODUCT_NAME = "$(TARGET_NAME)";
				SWIFT_VERSION = 5.0;
				TARGETED_DEVICE_FAMILY = "1,2";
				TEST_HOST = "$(BUILT_PRODUCTS_DIR)/buttonChangeColor.app/buttonChangeColor";
			};
			name = Release;
		};
		2CAA5DDA246CA168001E9974 /* Debug */ = {
			isa = XCBuildConfiguration;
			buildSettings = {
				ALWAYS_EMBED_SWIFT_STANDARD_LIBRARIES = YES;
				CODE_SIGN_STYLE = Automatic;
				INFOPLIST_FILE = buttonChangeColorUITests/Info.plist;
				LD_RUNPATH_SEARCH_PATHS = (
					"$(inherited)",
					"@executable_path/Frameworks",
					"@loader_path/Frameworks",
				);
				PRODUCT_BUNDLE_IDENTIFIER = QQ.buttonChangeColorUITests;
				PRODUCT_NAME = "$(TARGET_NAME)";
				SWIFT_VERSION = 5.0;
				TARGETED_DEVICE_FAMILY = "1,2";
				TEST_TARGET_NAME = buttonChangeColor;
			};
			name = Debug;
		};
		2CAA5DDB246CA168001E9974 /* Release */ = {
			isa = XCBuildConfiguration;
			buildSettings = {
				ALWAYS_EMBED_SWIFT_STANDARD_LIBRARIES = YES;
				CODE_SIGN_STYLE = Automatic;
				INFOPLIST_FILE = buttonChangeColorUITests/Info.plist;
				LD_RUNPATH_SEARCH_PATHS = (
					"$(inherited)",
					"@executable_path/Frameworks",
					"@loader_path/Frameworks",
				);
				PRODUCT_BUNDLE_IDENTIFIER = QQ.buttonChangeColorUITests;
				PRODUCT_NAME = "$(TARGET_NAME)";
				SWIFT_VERSION = 5.0;
				TARGETED_DEVICE_FAMILY = "1,2";
				TEST_TARGET_NAME = buttonChangeColor;
			};
			name = Release;
		};
/* End XCBuildConfiguration section */

/* Begin XCConfigurationList section */
		2CAA5DA6246CA167001E9974 /* Build configuration list for PBXProject "buttonChangeColor" */ = {
			isa = XCConfigurationList;
			buildConfigurations = (
				2CAA5DD1246CA168001E9974 /* Debug */,
				2CAA5DD2246CA168001E9974 /* Release */,
			);
			defaultConfigurationIsVisible = 0;
			defaultConfigurationName = Release;
		};
		2CAA5DD3246CA168001E9974 /* Build configuration list for PBXNativeTarget "buttonChangeColor" */ = {
			isa = XCConfigurationList;
			buildConfigurations = (
				2CAA5DD4246CA168001E9974 /* Debug */,
				2CAA5DD5246CA168001E9974 /* Release */,
			);
			defaultConfigurationIsVisible = 0;
			defaultConfigurationName = Release;
		};
		2CAA5DD6246CA168001E9974 /* Build configuration list for PBXNativeTarget "buttonChangeColorTests" */ = {
			isa = XCConfigurationList;
			buildConfigurations = (
				2CAA5DD7246CA168001E9974 /* Debug */,
				2CAA5DD8246CA168001E9974 /* Release */,
			);
			defaultConfigurationIsVisible = 0;
			defaultConfigurationName = Release;
		};
		2CAA5DD9246CA168001E9974 /* Build configuration list for PBXNativeTarget "buttonChangeColorUITests" */ = {
			isa = XCConfigurationList;
			buildConfigurations = (
				2CAA5DDA246CA168001E9974 /* Debug */,
				2CAA5DDB246CA168001E9974 /* Release */,
			);
			defaultConfigurationIsVisible = 0;
			defaultConfigurationName = Release;
		};
/* End XCConfigurationList section */
	};
	rootObject = 2CAA5DA3246CA167001E9974 /* Project object */;
}
